<?xml version="1.0" encoding="utf-8"?>
<Project ToolsVersion="4.0" xmlns="http://schemas.microsoft.com/developer/msbuild/2003">
  <ItemGroup>
    <Filter Include="src">
      <UniqueIdentifier>{5e57ea6c-5f88-46fe-a517-7f3dad6b5171}</UniqueIdentifier>
    </Filter>
    <Filter Include="inc">
      <UniqueIdentifier>{8ae2115f-c209-45a7-b048-53fe2f241ec4}</UniqueIdentifier>
    </Filter>
  </ItemGroup>
  <ItemGroup>
    <ClCompile Include="font.cpp">
      <Filter>src</Filter>
    </ClCompile>
    <ClCompile Include="main.cpp">
      <Filter>src</Filter>
    </ClCompile>
    <ClCompile Include="vid_main.cpp">
      <Filter>src</Filter>
    </ClCompile>
    <ClCompile Include="vidtex.cpp">
      <Filter>src</Filter>
    </ClCompile>
  </ItemGroup>
  <ItemGroup>
    <ClInclude Include="vidglide.h">
      <Filter>inc</Filter>
    </ClInclude>
  </ItemGroup>
  <ItemGroup>
    <CustomBuild Include="vidglide.def" />
  </ItemGroup>
</Project>