
Microsoft Visual Studio Solution File, Format Version 12.00
# Visual Studio Version 16
VisualStudioVersion = 16.0.32428.217
MinimumVisualStudioVersion = 10.0.40219.1
Project("{8BC9CEB8-8B4A-11D0-8D11-00A0C91BC942}") = "BuildRelease", "BuildRelease\BuildRelease.vcxproj", "{15907297-57D5-44A4-B6FF-E0656CB9B0AB}"
EndProject
Project("{8BC9CEB8-8B4A-11D0-8D11-00A0C91BC942}") = "Cannibal", "Cannibal\Cannibal.vcxproj", "{EC425767-B4B3-470E-8935-55124A866481}"
EndProject
Project("{8BC9CEB8-8B4A-11D0-8D11-00A0C91BC942}") = "CannibalEditor", "CannibalEditor\CannibalEditor.vcxproj", "{F8D7961B-0019-4616-A0A3-3D6FF6D2F1D8}"
EndProject
Project("{8BC9CEB8-8B4A-11D0-8D11-00A0C91BC942}") = "CblMacEd", "CblMacEd\CblMacEd.vcxproj", "{2996C961-59DD-447F-A2BA-1655586C8EFC}"
EndProject
Project("{8BC9CEB8-8B4A-11D0-8D11-00A0C91BC942}") = "D3DDrv", "D3DDrv\Src\D3DDrv.vcxproj", "{6B1E5A9B-38D7-4BCF-9FB2-AB8660729419}"
EndProject
Project("{8BC9CEB8-8B4A-11D0-8D11-00A0C91BC942}") = "DukeEd", "DukeEd\DukeEd.vcxproj", "{ECC96B32-D3F5-4A6A-9C1F-8E391258B8AF}"
EndProject
Project("{8BC9CEB8-8B4A-11D0-8D11-00A0C91BC942}") = "Editor", "Editor\Src\Editor.vcxproj", "{4288531F-B9FA-4AE8-BF80-72BAB7D3F73B}"
EndProject
Project("{8BC9CEB8-8B4A-11D0-8D11-00A0C91BC942}") = "Engine", "Engine\Src\Engine.vcxproj", "{2E76A32E-ED92-4EED-B371-66D7598FD071}"
EndProject
Project("{8BC9CEB8-8B4A-11D0-8D11-00A0C91BC942}") = "Fire", "Fire\Src\Fire.vcxproj", "{21FE0AB6-91F4-4525-BD15-879D591186F3}"
EndProject
Project("{8BC9CEB8-8B4A-11D0-8D11-00A0C91BC942}") = "Galaxy", "Galaxy\Src\Galaxy.vcxproj", "{E42241D8-0487-4A4F-9626-D0A6AFD658E5}"
EndProject
Project("{8BC9CEB8-8B4A-11D0-8D11-00A0C91BC942}") = "GalaxyLib", "GalaxyLib\GalaxyLib.vcxproj", "{BDC4454D-0633-49FB-9D5C-BA2DB55E5089}"
EndProject
Project("{8BC9CEB8-8B4A-11D0-8D11-00A0C91BC942}") = "GlideDrv", "GlideDrv\Src\GlideDrv.vcxproj", "{D23E4CE1-D6E4-4920-ADFB-9272526AA3C8}"
EndProject
Project("{8BC9CEB8-8B4A-11D0-8D11-00A0C91BC942}") = "Imp3DS", "Imp3DS\Imp3DS.vcxproj", "{247FCC0D-9AF2-45D9-BF9F-DCF60201121B}"
EndProject
Project("{8BC9CEB8-8B4A-11D0-8D11-00A0C91BC942}") = "ImpBP2", "ImpBP2\ImpBP2.vcxproj", "{7F849D1C-BEB4-49AC-AE99-C6957FA754CC}"
EndProject
Project("{8BC9CEB8-8B4A-11D0-8D11-00A0C91BC942}") = "ImpGMA", "ImpGMA\ImpGMA.vcxproj", "{1D643221-AE31-4A91-B0A4-EDCAC97F4144}"
EndProject
Project("{8BC9CEB8-8B4A-11D0-8D11-00A0C91BC942}") = "ImpLWO", "ImpLWO\ImpLWO.vcxproj", "{CAA0F747-65B7-4D8D-89CB-62679C910FF7}"
EndProject
Project("{8BC9CEB8-8B4A-11D0-8D11-00A0C91BC942}") = "ImpMDX", "ImpMDX\ImpMDX.vcxproj", "{273DAD2C-3D89-4CAB-87AB-8D07F91D5FC0}"
EndProject
Project("{8BC9CEB8-8B4A-11D0-8D11-00A0C91BC942}") = "IpServer", "IpServer\IpServer.vcxproj", "{E0D0EAE7-9C07-4CC8-AAEA-523460CBCD61}"
EndProject
Project("{8BC9CEB8-8B4A-11D0-8D11-00A0C91BC942}") = "Launch", "Launch\Src\Launch.vcxproj", "{FFB16E03-CA10-4908-B725-4F3EEC146FA1}"
EndProject
Project("{8BC9CEB8-8B4A-11D0-8D11-00A0C91BC942}") = "SoftDrv", "SoftDrv\Src\SoftDrv.vcxproj", "{E66BB328-CD28-4224-ADB7-F5CC66AD9FCA}"
EndProject
Project("{8BC9CEB8-8B4A-11D0-8D11-00A0C91BC942}") = "UBrowser", "UBrowser\Src\UBrowser.vcxproj", "{531188C1-F8EE-4376-A758-A378A90FE73A}"
EndProject
Project("{8BC9CEB8-8B4A-11D0-8D11-00A0C91BC942}") = "UCC", "UCC\Src\UCC.vcxproj", "{699EAFFF-32F8-4845-BD2E-DBAEA86E359A}"
EndProject
Project("{8BC9CEB8-8B4A-11D0-8D11-00A0C91BC942}") = "UWeb", "UWeb\Src\UWeb.vcxproj", "{3A1561BC-895B-47B8-A516-F93C312705E9}"
EndProject
Project("{8BC9CEB8-8B4A-11D0-8D11-00A0C91BC942}") = "UWindow", "UWindow\Src\UWindow.vcxproj", "{0D159BCA-33DD-469E-9397-EB3B5680DACF}"
EndProject
Project("{8BC9CEB8-8B4A-11D0-8D11-00A0C91BC942}") = "dnAI", "dnAI\dnAI.vcxproj", "{477AE244-E679-4D54-BD45-90A8C5F2A724}"
EndProject
Project("{8BC9CEB8-8B4A-11D0-8D11-00A0C91BC942}") = "dnGame", "dnGame\dnGame.vcxproj", "{3C54748F-5DEF-4878-B96F-C9B97F81E49B}"
EndProject
Project("{8BC9CEB8-8B4A-11D0-8D11-00A0C91BC942}") = "dnWindow", "dnWindow\dnWindow.vcxproj", "{EBF41433-B6D4-433D-8A9F-5DC934612B4C}"
EndProject
Project("{8BC9CEB8-8B4A-11D0-8D11-00A0C91BC942}") = "vidglide", "CannibalEditor\vidglide\vidglide.vcxproj", "{6AD5B85F-DA8C-44A0-A64B-F714179CA5FB}"
EndProject
Project("{8BC9CEB8-8B4A-11D0-8D11-00A0C91BC942}") = "xcore", "xcore\xcore.vcxproj", "{F858ADCB-3655-4949-BF1B-DA9A280A7F2D}"
EndProject
Project("{8BC9CEB8-8B4A-11D0-8D11-00A0C91BC942}") = "ximage", "ximage\ximage.vcxproj", "{38F1B0FD-633E-4114-BE66-3F0C879E99CF}"
EndProject
Global
	GlobalSection(SolutionConfigurationPlatforms) = preSolution
		Debug|x86 = Debug|x86
		Release|x86 = Release|x86
		Template|x86 = Template|x86
	EndGlobalSection
	GlobalSection(ProjectConfigurationPlatforms) = postSolution
		{15907297-57D5-44A4-B6FF-E0656CB9B0AB}.Debug|x86.ActiveCfg = Debug|Win32
		{15907297-57D5-44A4-B6FF-E0656CB9B0AB}.Debug|x86.Build.0 = Debug|Win32
		{15907297-57D5-44A4-B6FF-E0656CB9B0AB}.Release|x86.ActiveCfg = Release|Win32
		{15907297-57D5-44A4-B6FF-E0656CB9B0AB}.Release|x86.Build.0 = Release|Win32
		{15907297-57D5-44A4-B6FF-E0656CB9B0AB}.Template|x86.ActiveCfg = Debug|Win32
		{15907297-57D5-44A4-B6FF-E0656CB9B0AB}.Template|x86.Build.0 = Debug|Win32
		{EC425767-B4B3-470E-8935-55124A866481}.Debug|x86.ActiveCfg = Debug|Win32
		{EC425767-B4B3-470E-8935-55124A866481}.Debug|x86.Build.0 = Debug|Win32
		{EC425767-B4B3-470E-8935-55124A866481}.Release|x86.ActiveCfg = Release|Win32
		{EC425767-B4B3-470E-8935-55124A866481}.Release|x86.Build.0 = Release|Win32
		{EC425767-B4B3-470E-8935-55124A866481}.Template|x86.ActiveCfg = Template|Win32
		{EC425767-B4B3-470E-8935-55124A866481}.Template|x86.Build.0 = Template|Win32
		{F8D7961B-0019-4616-A0A3-3D6FF6D2F1D8}.Debug|x86.ActiveCfg = Debug|Win32
		{F8D7961B-0019-4616-A0A3-3D6FF6D2F1D8}.Debug|x86.Build.0 = Debug|Win32
		{F8D7961B-0019-4616-A0A3-3D6FF6D2F1D8}.Release|x86.ActiveCfg = Release|Win32
		{F8D7961B-0019-4616-A0A3-3D6FF6D2F1D8}.Release|x86.Build.0 = Release|Win32
		{F8D7961B-0019-4616-A0A3-3D6FF6D2F1D8}.Template|x86.ActiveCfg = Template|Win32
		{F8D7961B-0019-4616-A0A3-3D6FF6D2F1D8}.Template|x86.Build.0 = Template|Win32
		{2996C961-59DD-447F-A2BA-1655586C8EFC}.Debug|x86.ActiveCfg = Debug|Win32
		{2996C961-59DD-447F-A2BA-1655586C8EFC}.Debug|x86.Build.0 = Debug|Win32
		{2996C961-59DD-447F-A2BA-1655586C8EFC}.Release|x86.ActiveCfg = Release|Win32
		{2996C961-59DD-447F-A2BA-1655586C8EFC}.Release|x86.Build.0 = Release|Win32
		{2996C961-59DD-447F-A2BA-1655586C8EFC}.Template|x86.ActiveCfg = Template|Win32
		{2996C961-59DD-447F-A2BA-1655586C8EFC}.Template|x86.Build.0 = Template|Win32
		{6B1E5A9B-38D7-4BCF-9FB2-AB8660729419}.Debug|x86.ActiveCfg = Debug|Win32
		{6B1E5A9B-38D7-4BCF-9FB2-AB8660729419}.Debug|x86.Build.0 = Debug|Win32
		{6B1E5A9B-38D7-4BCF-9FB2-AB8660729419}.Release|x86.ActiveCfg = Release|Win32
		{6B1E5A9B-38D7-4BCF-9FB2-AB8660729419}.Release|x86.Build.0 = Release|Win32
		{6B1E5A9B-38D7-4BCF-9FB2-AB8660729419}.Template|x86.ActiveCfg = Template|Win32
		{6B1E5A9B-38D7-4BCF-9FB2-AB8660729419}.Template|x86.Build.0 = Template|Win32
		{ECC96B32-D3F5-4A6A-9C1F-8E391258B8AF}.Debug|x86.ActiveCfg = Debug|Win32
		{ECC96B32-D3F5-4A6A-9C1F-8E391258B8AF}.Debug|x86.Build.0 = Debug|Win32
		{ECC96B32-D3F5-4A6A-9C1F-8E391258B8AF}.Release|x86.ActiveCfg = Release|Win32
		{ECC96B32-D3F5-4A6A-9C1F-8E391258B8AF}.Release|x86.Build.0 = Release|Win32
		{ECC96B32-D3F5-4A6A-9C1F-8E391258B8AF}.Template|x86.ActiveCfg = Template|Win32
		{ECC96B32-D3F5-4A6A-9C1F-8E391258B8AF}.Template|x86.Build.0 = Template|Win32
		{4288531F-B9FA-4AE8-BF80-72BAB7D3F73B}.Debug|x86.ActiveCfg = Debug|Win32
		{4288531F-B9FA-4AE8-BF80-72BAB7D3F73B}.Debug|x86.Build.0 = Debug|Win32
		{4288531F-B9FA-4AE8-BF80-72BAB7D3F73B}.Release|x86.ActiveCfg = Release|Win32
		{4288531F-B9FA-4AE8-BF80-72BAB7D3F73B}.Release|x86.Build.0 = Release|Win32
		{4288531F-B9FA-4AE8-BF80-72BAB7D3F73B}.Template|x86.ActiveCfg = Template|Win32
		{4288531F-B9FA-4AE8-BF80-72BAB7D3F73B}.Template|x86.Build.0 = Template|Win32
		{2E76A32E-ED92-4EED-B371-66D7598FD071}.Debug|x86.ActiveCfg = Debug|Win32
		{2E76A32E-ED92-4EED-B371-66D7598FD071}.Debug|x86.Build.0 = Debug|Win32
		{2E76A32E-ED92-4EED-B371-66D7598FD071}.Release|x86.ActiveCfg = Release|Win32
		{2E76A32E-ED92-4EED-B371-66D7598FD071}.Release|x86.Build.0 = Release|Win32
		{2E76A32E-ED92-4EED-B371-66D7598FD071}.Template|x86.ActiveCfg = Template|Win32
		{2E76A32E-ED92-4EED-B371-66D7598FD071}.Template|x86.Build.0 = Template|Win32
		{21FE0AB6-91F4-4525-BD15-879D591186F3}.Debug|x86.ActiveCfg = Debug|Win32
		{21FE0AB6-91F4-4525-BD15-879D591186F3}.Debug|x86.Build.0 = Debug|Win32
		{21FE0AB6-91F4-4525-BD15-879D591186F3}.Release|x86.ActiveCfg = Release|Win32
		{21FE0AB6-91F4-4525-BD15-879D591186F3}.Release|x86.Build.0 = Release|Win32
		{21FE0AB6-91F4-4525-BD15-879D591186F3}.Template|x86.ActiveCfg = Template|Win32
		{21FE0AB6-91F4-4525-BD15-879D591186F3}.Template|x86.Build.0 = Template|Win32
		{E42241D8-0487-4A4F-9626-D0A6AFD658E5}.Debug|x86.ActiveCfg = Debug|Win32
		{E42241D8-0487-4A4F-9626-D0A6AFD658E5}.Debug|x86.Build.0 = Debug|Win32
		{E42241D8-0487-4A4F-9626-D0A6AFD658E5}.Release|x86.ActiveCfg = Release|Win32
		{E42241D8-0487-4A4F-9626-D0A6AFD658E5}.Release|x86.Build.0 = Release|Win32
		{E42241D8-0487-4A4F-9626-D0A6AFD658E5}.Template|x86.ActiveCfg = Template|Win32
		{E42241D8-0487-4A4F-9626-D0A6AFD658E5}.Template|x86.Build.0 = Template|Win32
		{BDC4454D-0633-49FB-9D5C-BA2DB55E5089}.Debug|x86.ActiveCfg = Debug|Win32
		{BDC4454D-0633-49FB-9D5C-BA2DB55E5089}.Debug|x86.Build.0 = Debug|Win32
		{BDC4454D-0633-49FB-9D5C-BA2DB55E5089}.Release|x86.ActiveCfg = Release|Win32
		{BDC4454D-0633-49FB-9D5C-BA2DB55E5089}.Release|x86.Build.0 = Release|Win32
		{BDC4454D-0633-49FB-9D5C-BA2DB55E5089}.Template|x86.ActiveCfg = Template|Win32
		{BDC4454D-0633-49FB-9D5C-BA2DB55E5089}.Template|x86.Build.0 = Template|Win32
		{D23E4CE1-D6E4-4920-ADFB-9272526AA3C8}.Debug|x86.ActiveCfg = Debug|Win32
		{D23E4CE1-D6E4-4920-ADFB-9272526AA3C8}.Debug|x86.Build.0 = Debug|Win32
		{D23E4CE1-D6E4-4920-ADFB-9272526AA3C8}.Release|x86.ActiveCfg = Release|Win32
		{D23E4CE1-D6E4-4920-ADFB-9272526AA3C8}.Release|x86.Build.0 = Release|Win32
		{D23E4CE1-D6E4-4920-ADFB-9272526AA3C8}.Template|x86.ActiveCfg = Template|Win32
		{D23E4CE1-D6E4-4920-ADFB-9272526AA3C8}.Template|x86.Build.0 = Template|Win32
		{247FCC0D-9AF2-45D9-BF9F-DCF60201121B}.Debug|x86.ActiveCfg = Debug|Win32
		{247FCC0D-9AF2-45D9-BF9F-DCF60201121B}.Debug|x86.Build.0 = Debug|Win32
		{247FCC0D-9AF2-45D9-BF9F-DCF60201121B}.Release|x86.ActiveCfg = Release|Win32
		{247FCC0D-9AF2-45D9-BF9F-DCF60201121B}.Release|x86.Build.0 = Release|Win32
		{247FCC0D-9AF2-45D9-BF9F-DCF60201121B}.Template|x86.ActiveCfg = Template|Win32
		{247FCC0D-9AF2-45D9-BF9F-DCF60201121B}.Template|x86.Build.0 = Template|Win32
		{7F849D1C-BEB4-49AC-AE99-C6957FA754CC}.Debug|x86.ActiveCfg = Debug|Win32
		{7F849D1C-BEB4-49AC-AE99-C6957FA754CC}.Debug|x86.Build.0 = Debug|Win32
		{7F849D1C-BEB4-49AC-AE99-C6957FA754CC}.Release|x86.ActiveCfg = Release|Win32
		{7F849D1C-BEB4-49AC-AE99-C6957FA754CC}.Release|x86.Build.0 = Release|Win32
		{7F849D1C-BEB4-49AC-AE99-C6957FA754CC}.Template|x86.ActiveCfg = Template|Win32
		{7F849D1C-BEB4-49AC-AE99-C6957FA754CC}.Template|x86.Build.0 = Template|Win32
		{1D643221-AE31-4A91-B0A4-EDCAC97F4144}.Debug|x86.ActiveCfg = Debug|Win32
		{1D643221-AE31-4A91-B0A4-EDCAC97F4144}.Debug|x86.Build.0 = Debug|Win32
		{1D643221-AE31-4A91-B0A4-EDCAC97F4144}.Release|x86.ActiveCfg = Release|Win32
		{1D643221-AE31-4A91-B0A4-EDCAC97F4144}.Release|x86.Build.0 = Release|Win32
		{1D643221-AE31-4A91-B0A4-EDCAC97F4144}.Template|x86.ActiveCfg = Template|Win32
		{1D643221-AE31-4A91-B0A4-EDCAC97F4144}.Template|x86.Build.0 = Template|Win32
		{CAA0F747-65B7-4D8D-89CB-62679C910FF7}.Debug|x86.ActiveCfg = Debug|Win32
		{CAA0F747-65B7-4D8D-89CB-62679C910FF7}.Debug|x86.Build.0 = Debug|Win32
		{CAA0F747-65B7-4D8D-89CB-62679C910FF7}.Release|x86.ActiveCfg = Release|Win32
		{CAA0F747-65B7-4D8D-89CB-62679C910FF7}.Release|x86.Build.0 = Release|Win32
		{CAA0F747-65B7-4D8D-89CB-62679C910FF7}.Template|x86.ActiveCfg = Template|Win32
		{CAA0F747-65B7-4D8D-89CB-62679C910FF7}.Template|x86.Build.0 = Template|Win32
		{273DAD2C-3D89-4CAB-87AB-8D07F91D5FC0}.Debug|x86.ActiveCfg = Debug|Win32
		{273DAD2C-3D89-4CAB-87AB-8D07F91D5FC0}.Debug|x86.Build.0 = Debug|Win32
		{273DAD2C-3D89-4CAB-87AB-8D07F91D5FC0}.Release|x86.ActiveCfg = Release|Win32
		{273DAD2C-3D89-4CAB-87AB-8D07F91D5FC0}.Release|x86.Build.0 = Release|Win32
		{273DAD2C-3D89-4CAB-87AB-8D07F91D5FC0}.Template|x86.ActiveCfg = Template|Win32
		{273DAD2C-3D89-4CAB-87AB-8D07F91D5FC0}.Template|x86.Build.0 = Template|Win32
		{E0D0EAE7-9C07-4CC8-AAEA-523460CBCD61}.Debug|x86.ActiveCfg = Debug|Win32
		{E0D0EAE7-9C07-4CC8-AAEA-523460CBCD61}.Debug|x86.Build.0 = Debug|Win32
		{E0D0EAE7-9C07-4CC8-AAEA-523460CBCD61}.Release|x86.ActiveCfg = Release|Win32
		{E0D0EAE7-9C07-4CC8-AAEA-523460CBCD61}.Release|x86.Build.0 = Release|Win32
		{E0D0EAE7-9C07-4CC8-AAEA-523460CBCD61}.Template|x86.ActiveCfg = Template|Win32
		{E0D0EAE7-9C07-4CC8-AAEA-523460CBCD61}.Template|x86.Build.0 = Template|Win32
		{FFB16E03-CA10-4908-B725-4F3EEC146FA1}.Debug|x86.ActiveCfg = Debug|Win32
		{FFB16E03-CA10-4908-B725-4F3EEC146FA1}.Debug|x86.Build.0 = Debug|Win32
		{FFB16E03-CA10-4908-B725-4F3EEC146FA1}.Release|x86.ActiveCfg = Release|Win32
		{FFB16E03-CA10-4908-B725-4F3EEC146FA1}.Release|x86.Build.0 = Release|Win32
		{FFB16E03-CA10-4908-B725-4F3EEC146FA1}.Template|x86.ActiveCfg = Template|Win32
		{FFB16E03-CA10-4908-B725-4F3EEC146FA1}.Template|x86.Build.0 = Template|Win32
		{E66BB328-CD28-4224-ADB7-F5CC66AD9FCA}.Debug|x86.ActiveCfg = Debug|Win32
		{E66BB328-CD28-4224-ADB7-F5CC66AD9FCA}.Debug|x86.Build.0 = Debug|Win32
		{E66BB328-CD28-4224-ADB7-F5CC66AD9FCA}.Release|x86.ActiveCfg = Release|Win32
		{E66BB328-CD28-4224-ADB7-F5CC66AD9FCA}.Release|x86.Build.0 = Release|Win32
		{E66BB328-CD28-4224-ADB7-F5CC66AD9FCA}.Template|x86.ActiveCfg = Template|Win32
		{E66BB328-CD28-4224-ADB7-F5CC66AD9FCA}.Template|x86.Build.0 = Template|Win32
		{531188C1-F8EE-4376-A758-A378A90FE73A}.Debug|x86.ActiveCfg = Debug|Win32
		{531188C1-F8EE-4376-A758-A378A90FE73A}.Debug|x86.Build.0 = Debug|Win32
		{531188C1-F8EE-4376-A758-A378A90FE73A}.Release|x86.ActiveCfg = Release|Win32
		{531188C1-F8EE-4376-A758-A378A90FE73A}.Release|x86.Build.0 = Release|Win32
		{531188C1-F8EE-4376-A758-A378A90FE73A}.Template|x86.ActiveCfg = Template|Win32
		{531188C1-F8EE-4376-A758-A378A90FE73A}.Template|x86.Build.0 = Template|Win32
		{699EAFFF-32F8-4845-BD2E-DBAEA86E359A}.Debug|x86.ActiveCfg = Debug|Win32
		{699EAFFF-32F8-4845-BD2E-DBAEA86E359A}.Debug|x86.Build.0 = Debug|Win32
		{699EAFFF-32F8-4845-BD2E-DBAEA86E359A}.Release|x86.ActiveCfg = Release|Win32
		{699EAFFF-32F8-4845-BD2E-DBAEA86E359A}.Release|x86.Build.0 = Release|Win32
		{699EAFFF-32F8-4845-BD2E-DBAEA86E359A}.Template|x86.ActiveCfg = Template|Win32
		{699EAFFF-32F8-4845-BD2E-DBAEA86E359A}.Template|x86.Build.0 = Template|Win32
		{3A1561BC-895B-47B8-A516-F93C312705E9}.Debug|x86.ActiveCfg = Debug|Win32
		{3A1561BC-895B-47B8-A516-F93C312705E9}.Debug|x86.Build.0 = Debug|Win32
		{3A1561BC-895B-47B8-A516-F93C312705E9}.Release|x86.ActiveCfg = Release|Win32
		{3A1561BC-895B-47B8-A516-F93C312705E9}.Release|x86.Build.0 = Release|Win32
		{3A1561BC-895B-47B8-A516-F93C312705E9}.Template|x86.ActiveCfg = Template|Win32
		{3A1561BC-895B-47B8-A516-F93C312705E9}.Template|x86.Build.0 = Template|Win32
		{0D159BCA-33DD-469E-9397-EB3B5680DACF}.Debug|x86.ActiveCfg = Debug|Win32
		{0D159BCA-33DD-469E-9397-EB3B5680DACF}.Debug|x86.Build.0 = Debug|Win32
		{0D159BCA-33DD-469E-9397-EB3B5680DACF}.Release|x86.ActiveCfg = Release|Win32
		{0D159BCA-33DD-469E-9397-EB3B5680DACF}.Release|x86.Build.0 = Release|Win32
		{0D159BCA-33DD-469E-9397-EB3B5680DACF}.Template|x86.ActiveCfg = Template|Win32
		{0D159BCA-33DD-469E-9397-EB3B5680DACF}.Template|x86.Build.0 = Template|Win32
		{477AE244-E679-4D54-BD45-90A8C5F2A724}.Debug|x86.ActiveCfg = Debug|Win32
		{477AE244-E679-4D54-BD45-90A8C5F2A724}.Debug|x86.Build.0 = Debug|Win32
		{477AE244-E679-4D54-BD45-90A8C5F2A724}.Release|x86.ActiveCfg = Release|Win32
		{477AE244-E679-4D54-BD45-90A8C5F2A724}.Release|x86.Build.0 = Release|Win32
		{477AE244-E679-4D54-BD45-90A8C5F2A724}.Template|x86.ActiveCfg = Template|Win32
		{477AE244-E679-4D54-BD45-90A8C5F2A724}.Template|x86.Build.0 = Template|Win32
		{3C54748F-5DEF-4878-B96F-C9B97F81E49B}.Debug|x86.ActiveCfg = Debug|Win32
		{3C54748F-5DEF-4878-B96F-C9B97F81E49B}.Debug|x86.Build.0 = Debug|Win32
		{3C54748F-5DEF-4878-B96F-C9B97F81E49B}.Release|x86.ActiveCfg = Release|Win32
		{3C54748F-5DEF-4878-B96F-C9B97F81E49B}.Release|x86.Build.0 = Release|Win32
		{3C54748F-5DEF-4878-B96F-C9B97F81E49B}.Template|x86.ActiveCfg = Template|Win32
		{3C54748F-5DEF-4878-B96F-C9B97F81E49B}.Template|x86.Build.0 = Template|Win32
		{EBF41433-B6D4-433D-8A9F-5DC934612B4C}.Debug|x86.ActiveCfg = Debug|Win32
		{EBF41433-B6D4-433D-8A9F-5DC934612B4C}.Debug|x86.Build.0 = Debug|Win32
		{EBF41433-B6D4-433D-8A9F-5DC934612B4C}.Release|x86.ActiveCfg = Release|Win32
		{EBF41433-B6D4-433D-8A9F-5DC934612B4C}.Release|x86.Build.0 = Release|Win32
		{EBF41433-B6D4-433D-8A9F-5DC934612B4C}.Template|x86.ActiveCfg = Template|Win32
		{EBF41433-B6D4-433D-8A9F-5DC934612B4C}.Template|x86.Build.0 = Template|Win32
		{6AD5B85F-DA8C-44A0-A64B-F714179CA5FB}.Debug|x86.ActiveCfg = Debug|Win32
		{6AD5B85F-DA8C-44A0-A64B-F714179CA5FB}.Debug|x86.Build.0 = Debug|Win32
		{6AD5B85F-DA8C-44A0-A64B-F714179CA5FB}.Release|x86.ActiveCfg = Release|Win32
		{6AD5B85F-DA8C-44A0-A64B-F714179CA5FB}.Release|x86.Build.0 = Release|Win32
		{6AD5B85F-DA8C-44A0-A64B-F714179CA5FB}.Template|x86.ActiveCfg = Template|Win32
		{6AD5B85F-DA8C-44A0-A64B-F714179CA5FB}.Template|x86.Build.0 = Template|Win32
		{F858ADCB-3655-4949-BF1B-DA9A280A7F2D}.Debug|x86.ActiveCfg = Debug|Win32
		{F858ADCB-3655-4949-BF1B-DA9A280A7F2D}.Debug|x86.Build.0 = Debug|Win32
		{F858ADCB-3655-4949-BF1B-DA9A280A7F2D}.Release|x86.ActiveCfg = Release|Win32
		{F858ADCB-3655-4949-BF1B-DA9A280A7F2D}.Release|x86.Build.0 = Release|Win32
		{F858ADCB-3655-4949-BF1B-DA9A280A7F2D}.Template|x86.ActiveCfg = Template|Win32
		{F858ADCB-3655-4949-BF1B-DA9A280A7F2D}.Template|x86.Build.0 = Template|Win32
		{38F1B0FD-633E-4114-BE66-3F0C879E99CF}.Debug|x86.ActiveCfg = Debug|Win32
		{38F1B0FD-633E-4114-BE66-3F0C879E99CF}.Debug|x86.Build.0 = Debug|Win32
		{38F1B0FD-633E-4114-BE66-3F0C879E99CF}.Release|x86.ActiveCfg = Release|Win32
		{38F1B0FD-633E-4114-BE66-3F0C879E99CF}.Release|x86.Build.0 = Release|Win32
		{38F1B0FD-633E-4114-BE66-3F0C879E99CF}.Template|x86.ActiveCfg = Template|Win32
		{38F1B0FD-633E-4114-BE66-3F0C879E99CF}.Template|x86.Build.0 = Template|Win32
	EndGlobalSection
	GlobalSection(SolutionProperties) = preSolution
		HideSolutionNode = FALSE
	EndGlobalSection
	GlobalSection(ExtensibilityGlobals) = postSolution
		SolutionGuid = {E648FD77-0E27-41C2-9479-9D755AE46EF6}
	EndGlobalSection
EndGlobal
