<?xml version="1.0" encoding="utf-8"?>
<Project ToolsVersion="4.0" xmlns="http://schemas.microsoft.com/developer/msbuild/2003">
  <ItemGroup>
    <Filter Include="Src">
      <UniqueIdentifier>{991c4e56-8ba0-44b1-b531-bf2753371e8e}</UniqueIdentifier>
      <Extensions>*.cpp;*.asm</Extensions>
    </Filter>
    <Filter Include="Classes">
      <UniqueIdentifier>{00f69e1a-9d84-4fcc-bfdb-c0cb92561d7b}</UniqueIdentifier>
      <Extensions>*.uc</Extensions>
    </Filter>
  </ItemGroup>
  <ItemGroup>
    <ClInclude Include="FractalPrivate.h">
      <Filter>Src</Filter>
    </ClInclude>
  </ItemGroup>
  <ItemGroup>
    <ClCompile Include="UnFractal.cpp">
      <Filter>Src</Filter>
    </ClCompile>
  </ItemGroup>
  <ItemGroup>
    <CustomBuild Include="UnFire.asm">
      <Filter>Src</Filter>
    </CustomBuild>
    <CustomBuild Include="UnFireP2.asm">
      <Filter>Src</Filter>
    </CustomBuild>
    <CustomBuild Include="UnWater.asm">
      <Filter>Src</Filter>
    </CustomBuild>
    <CustomBuild Include="..\Classes\Fire.upkg">
      <Filter>Classes</Filter>
    </CustomBuild>
    <CustomBuild Include="..\Classes\FireTexture.uc">
      <Filter>Classes</Filter>
    </CustomBuild>
    <CustomBuild Include="..\Classes\FractalTexture.uc">
      <Filter>Classes</Filter>
    </CustomBuild>
    <CustomBuild Include="..\Classes\IceTexture.uc">
      <Filter>Classes</Filter>
    </CustomBuild>
    <CustomBuild Include="..\Classes\WaterTexture.uc">
      <Filter>Classes</Filter>
    </CustomBuild>
    <CustomBuild Include="..\Classes\WaveTexture.uc">
      <Filter>Classes</Filter>
    </CustomBuild>
    <CustomBuild Include="..\Classes\WetTexture.uc">
      <Filter>Classes</Filter>
    </CustomBuild>
  </ItemGroup>
</Project>