<?xml version="1.0" encoding="utf-8"?>
<Project ToolsVersion="4.0" xmlns="http://schemas.microsoft.com/developer/msbuild/2003">
  <ItemGroup>
    <Filter Include="Source Files">
      <UniqueIdentifier>{6f5e4357-605b-4706-a14b-acec2283f2d8}</UniqueIdentifier>
      <Extensions>cpp;c;cxx;rc;def;r;odl;idl;hpj;bat</Extensions>
    </Filter>
    <Filter Include="Header Files">
      <UniqueIdentifier>{53df5083-766c-48b6-9e17-9cab195b832d}</UniqueIdentifier>
      <Extensions>h;hpp;hxx;hm;inl</Extensions>
    </Filter>
    <Filter Include="Resource Files">
      <UniqueIdentifier>{a57063a8-a878-45fb-809c-62c5c50f3153}</UniqueIdentifier>
      <Extensions>ico;cur;bmp;dlg;rc2;rct;bin;rgs;gif;jpg;jpeg;jpe</Extensions>
    </Filter>
  </ItemGroup>
  <ItemGroup>
    <ClCompile Include="dll.cpp">
      <Filter>Source Files</Filter>
    </ClCompile>
    <ClCompile Include="error.cpp">
      <Filter>Source Files</Filter>
    </ClCompile>
    <ClCompile Include="file.cpp">
      <Filter>Source Files</Filter>
    </ClCompile>
    <ClCompile Include="find.cpp">
      <Filter>Source Files</Filter>
    </ClCompile>
    <ClCompile Include="gendata.cpp">
      <Filter>Source Files</Filter>
    </ClCompile>
    <ClCompile Include="genmem.cpp">
      <Filter>Source Files</Filter>
    </ClCompile>
    <ClCompile Include="global.cpp">
      <Filter>Source Files</Filter>
    </ClCompile>
    <ClCompile Include="ipc.cpp">
      <Filter>Source Files</Filter>
    </ClCompile>
    <ClCompile Include="list.cpp">
      <Filter>Source Files</Filter>
    </ClCompile>
    <ClCompile Include="printf.cpp">
      <Filter>Source Files</Filter>
    </ClCompile>
    <ClCompile Include="stat.cpp">
      <Filter>Source Files</Filter>
    </ClCompile>
    <ClCompile Include="stdcore.cpp">
      <Filter>Source Files</Filter>
    </ClCompile>
    <ClCompile Include="stream.cpp">
      <Filter>Source Files</Filter>
    </ClCompile>
    <ClCompile Include="string.cpp">
      <Filter>Source Files</Filter>
    </ClCompile>
    <ClCompile Include="win.cpp">
      <Filter>Source Files</Filter>
    </ClCompile>
    <ClCompile Include="winalloc.cpp">
      <Filter>Source Files</Filter>
    </ClCompile>
    <ClCompile Include="winfile.cpp">
      <Filter>Source Files</Filter>
    </ClCompile>
    <ClCompile Include="winmem.cpp">
      <Filter>Source Files</Filter>
    </ClCompile>
    <ClCompile Include="xmisc.cpp">
      <Filter>Source Files</Filter>
    </ClCompile>
  </ItemGroup>
  <ItemGroup>
    <ClInclude Include="filex.h">
      <Filter>Header Files</Filter>
    </ClInclude>
    <ClInclude Include="winalloc.h">
      <Filter>Header Files</Filter>
    </ClInclude>
    <ClInclude Include="xclass.h">
      <Filter>Header Files</Filter>
    </ClInclude>
    <ClInclude Include="xcore.h">
      <Filter>Header Files</Filter>
    </ClInclude>
    <ClInclude Include="xipc.h">
      <Filter>Header Files</Filter>
    </ClInclude>
    <ClInclude Include="xstream.h">
      <Filter>Header Files</Filter>
    </ClInclude>
    <ClInclude Include="xstring.h">
      <Filter>Header Files</Filter>
    </ClInclude>
  </ItemGroup>
  <ItemGroup>
    <CustomBuild Include="malloc.asm">
      <Filter>Source Files</Filter>
    </CustomBuild>
    <CustomBuild Include="stuff.asm">
      <Filter>Source Files</Filter>
    </CustomBuild>
    <CustomBuild Include="makefile" />
    <CustomBuild Include="xcore.def">
      <Filter>Source Files</Filter>
    </CustomBuild>
  </ItemGroup>
  <ItemGroup>
    <None Include="xcore.bsc" />
  </ItemGroup>
</Project>