<?xml version="1.0" encoding="utf-8"?>
<Project ToolsVersion="4.0" xmlns="http://schemas.microsoft.com/developer/msbuild/2003">
  <ItemGroup>
    <Filter Include="Src">
      <UniqueIdentifier>{81908e78-bc70-4b10-8fcd-26d14089b24d}</UniqueIdentifier>
      <Extensions>*.cpp</Extensions>
    </Filter>
    <Filter Include="Inc">
      <UniqueIdentifier>{3d9a601b-c839-4b2d-acfc-bc6729a37a99}</UniqueIdentifier>
      <Extensions>*.h</Extensions>
    </Filter>
    <Filter Include="Classes">
      <UniqueIdentifier>{de875bad-c8bd-434c-bc5e-232a960d3dc3}</UniqueIdentifier>
      <Extensions>*.uc</Extensions>
    </Filter>
  </ItemGroup>
  <ItemGroup>
    <ClCompile Include="UWeb.cpp">
      <Filter>Src</Filter>
    </ClCompile>
    <ClCompile Include="WebServer.cpp">
      <Filter>Src</Filter>
    </ClCompile>
  </ItemGroup>
  <ItemGroup>
    <ClInclude Include="UWebPrivate.h">
      <Filter>Inc</Filter>
    </ClInclude>
  </ItemGroup>
  <ItemGroup>
    <CustomBuild Include="..\Classes\HelloWeb.uc">
      <Filter>Classes</Filter>
    </CustomBuild>
    <CustomBuild Include="..\Classes\ImageServer.uc">
      <Filter>Classes</Filter>
    </CustomBuild>
    <CustomBuild Include="..\Classes\UWeb.upkg">
      <Filter>Classes</Filter>
    </CustomBuild>
    <CustomBuild Include="..\Classes\WebApplication.uc">
      <Filter>Classes</Filter>
    </CustomBuild>
    <CustomBuild Include="..\Classes\WebConnection.uc">
      <Filter>Classes</Filter>
    </CustomBuild>
    <CustomBuild Include="..\Classes\WebRequest.uc">
      <Filter>Classes</Filter>
    </CustomBuild>
    <CustomBuild Include="..\Classes\WebResponse.uc">
      <Filter>Classes</Filter>
    </CustomBuild>
    <CustomBuild Include="..\Classes\WebServer.uc">
      <Filter>Classes</Filter>
    </CustomBuild>
  </ItemGroup>
</Project>