<?xml version="1.0" encoding="utf-8"?>
<Project ToolsVersion="4.0" xmlns="http://schemas.microsoft.com/developer/msbuild/2003">
  <ItemGroup>
    <Filter Include="Classes">
      <UniqueIdentifier>{5b536553-3a8d-4e8a-8634-891d94ba6dff}</UniqueIdentifier>
      <Extensions>*.uc</Extensions>
    </Filter>
  </ItemGroup>
  <ItemGroup>
    <CustomBuild Include="..\Classes\ToolTipWindow.uc">
      <Filter>Classes</Filter>
    </CustomBuild>
    <CustomBuild Include="..\Classes\UWindow.upkg">
      <Filter>Classes</Filter>
    </CustomBuild>
    <CustomBuild Include="..\Classes\UWindowBase.uc">
      <Filter>Classes</Filter>
    </CustomBuild>
    <CustomBuild Include="..\Classes\UWindowBitmap.uc">
      <Filter>Classes</Filter>
    </CustomBuild>
    <CustomBuild Include="..\Classes\UWindowButton.uc">
      <Filter>Classes</Filter>
    </CustomBuild>
    <CustomBuild Include="..\Classes\UWindowCheckbox.uc">
      <Filter>Classes</Filter>
    </CustomBuild>
    <CustomBuild Include="..\Classes\UWindowClientWindow.uc">
      <Filter>Classes</Filter>
    </CustomBuild>
    <CustomBuild Include="..\Classes\UWindowComboButton.uc">
      <Filter>Classes</Filter>
    </CustomBuild>
    <CustomBuild Include="..\Classes\UWindowComboControl.uc">
      <Filter>Classes</Filter>
    </CustomBuild>
    <CustomBuild Include="..\Classes\UWindowComboLeftButton.uc">
      <Filter>Classes</Filter>
    </CustomBuild>
    <CustomBuild Include="..\Classes\UWindowComboList.uc">
      <Filter>Classes</Filter>
    </CustomBuild>
    <CustomBuild Include="..\Classes\UWindowComboListItem.uc">
      <Filter>Classes</Filter>
    </CustomBuild>
    <CustomBuild Include="..\Classes\UWindowComboRightButton.uc">
      <Filter>Classes</Filter>
    </CustomBuild>
    <CustomBuild Include="..\Classes\UWindowConsoleClientWindow.uc">
      <Filter>Classes</Filter>
    </CustomBuild>
    <CustomBuild Include="..\Classes\UWindowConsoleTextAreaControl.uc">
      <Filter>Classes</Filter>
    </CustomBuild>
    <CustomBuild Include="..\Classes\UWindowConsoleWindow.uc">
      <Filter>Classes</Filter>
    </CustomBuild>
    <CustomBuild Include="..\Classes\UWindowControlFrame.uc">
      <Filter>Classes</Filter>
    </CustomBuild>
    <CustomBuild Include="..\Classes\UWindowDialogClientWindow.uc">
      <Filter>Classes</Filter>
    </CustomBuild>
    <CustomBuild Include="..\Classes\UWindowDialogControl.uc">
      <Filter>Classes</Filter>
    </CustomBuild>
    <CustomBuild Include="..\Classes\UWindowDynamicTextArea.uc">
      <Filter>Classes</Filter>
    </CustomBuild>
    <CustomBuild Include="..\Classes\UWindowDynamicTextRow.uc">
      <Filter>Classes</Filter>
    </CustomBuild>
    <CustomBuild Include="..\Classes\UWindowEditBox.uc">
      <Filter>Classes</Filter>
    </CustomBuild>
    <CustomBuild Include="..\Classes\UWindowEditBoxHistory.uc">
      <Filter>Classes</Filter>
    </CustomBuild>
    <CustomBuild Include="..\Classes\UWindowEditControl.uc">
      <Filter>Classes</Filter>
    </CustomBuild>
    <CustomBuild Include="..\Classes\UWindowFrameCloseBox.uc">
      <Filter>Classes</Filter>
    </CustomBuild>
    <CustomBuild Include="..\Classes\UWindowFramedWindow.uc">
      <Filter>Classes</Filter>
    </CustomBuild>
    <CustomBuild Include="..\Classes\UWindowGrid.uc">
      <Filter>Classes</Filter>
    </CustomBuild>
    <CustomBuild Include="..\Classes\UWindowGridClient.uc">
      <Filter>Classes</Filter>
    </CustomBuild>
    <CustomBuild Include="..\Classes\UWindowGridColumn.uc">
      <Filter>Classes</Filter>
    </CustomBuild>
    <CustomBuild Include="..\Classes\UWindowHotkeyWindowList.uc">
      <Filter>Classes</Filter>
    </CustomBuild>
    <CustomBuild Include="..\Classes\UWindowHScrollbar.uc">
      <Filter>Classes</Filter>
    </CustomBuild>
    <CustomBuild Include="..\Classes\UWindowHSliderControl.uc">
      <Filter>Classes</Filter>
    </CustomBuild>
    <CustomBuild Include="..\Classes\UWindowHSplitter.uc">
      <Filter>Classes</Filter>
    </CustomBuild>
    <CustomBuild Include="..\Classes\UWindowHTMLTextArea.uc">
      <Filter>Classes</Filter>
    </CustomBuild>
    <CustomBuild Include="..\Classes\UWindowHTMLTextRow.uc">
      <Filter>Classes</Filter>
    </CustomBuild>
    <CustomBuild Include="..\Classes\UWindowLabelControl.uc">
      <Filter>Classes</Filter>
    </CustomBuild>
    <CustomBuild Include="..\Classes\UWindowLayoutBase.uc">
      <Filter>Classes</Filter>
    </CustomBuild>
    <CustomBuild Include="..\Classes\UWindowLayoutCell.uc">
      <Filter>Classes</Filter>
    </CustomBuild>
    <CustomBuild Include="..\Classes\UWindowLayoutControl.uc">
      <Filter>Classes</Filter>
    </CustomBuild>
    <CustomBuild Include="..\Classes\UWindowLayoutRow.uc">
      <Filter>Classes</Filter>
    </CustomBuild>
    <CustomBuild Include="..\Classes\UWindowList.uc">
      <Filter>Classes</Filter>
    </CustomBuild>
    <CustomBuild Include="..\Classes\UWindowListBox.uc">
      <Filter>Classes</Filter>
    </CustomBuild>
    <CustomBuild Include="..\Classes\UWindowListBoxItem.uc">
      <Filter>Classes</Filter>
    </CustomBuild>
    <CustomBuild Include="..\Classes\UWindowListControl.uc">
      <Filter>Classes</Filter>
    </CustomBuild>
    <CustomBuild Include="..\Classes\UWindowLookAndFeel.uc">
      <Filter>Classes</Filter>
    </CustomBuild>
    <CustomBuild Include="..\Classes\UWindowMenuBar.uc">
      <Filter>Classes</Filter>
    </CustomBuild>
    <CustomBuild Include="..\Classes\UWindowMenuBarItem.uc">
      <Filter>Classes</Filter>
    </CustomBuild>
    <CustomBuild Include="..\Classes\UWindowMessageBox.uc">
      <Filter>Classes</Filter>
    </CustomBuild>
    <CustomBuild Include="..\Classes\UWindowMessageBoxArea.uc">
      <Filter>Classes</Filter>
    </CustomBuild>
    <CustomBuild Include="..\Classes\UWindowMessageBoxCW.uc">
      <Filter>Classes</Filter>
    </CustomBuild>
    <CustomBuild Include="..\Classes\UWindowPageControl.uc">
      <Filter>Classes</Filter>
    </CustomBuild>
    <CustomBuild Include="..\Classes\UWindowPageControlPage.uc">
      <Filter>Classes</Filter>
    </CustomBuild>
    <CustomBuild Include="..\Classes\UWindowPageWindow.uc">
      <Filter>Classes</Filter>
    </CustomBuild>
    <CustomBuild Include="..\Classes\UWindowProgressBar.uc">
      <Filter>Classes</Filter>
    </CustomBuild>
    <CustomBuild Include="..\Classes\UWindowPulldownMenu.uc">
      <Filter>Classes</Filter>
    </CustomBuild>
    <CustomBuild Include="..\Classes\UWindowPulldownMenuItem.uc">
      <Filter>Classes</Filter>
    </CustomBuild>
    <CustomBuild Include="..\Classes\UWindowRightClickMenu.uc">
      <Filter>Classes</Filter>
    </CustomBuild>
    <CustomBuild Include="..\Classes\UWindowRootWindow.uc">
      <Filter>Classes</Filter>
    </CustomBuild>
    <CustomBuild Include="..\Classes\UWindowSBDownButton.uc">
      <Filter>Classes</Filter>
    </CustomBuild>
    <CustomBuild Include="..\Classes\UWindowSBLeftButton.uc">
      <Filter>Classes</Filter>
    </CustomBuild>
    <CustomBuild Include="..\Classes\UWindowSBRightButton.uc">
      <Filter>Classes</Filter>
    </CustomBuild>
    <CustomBuild Include="..\Classes\UWindowSBUpButton.uc">
      <Filter>Classes</Filter>
    </CustomBuild>
    <CustomBuild Include="..\Classes\UWindowScrollingDialogClient.uc">
      <Filter>Classes</Filter>
    </CustomBuild>
    <CustomBuild Include="..\Classes\UWindowSmallButton.uc">
      <Filter>Classes</Filter>
    </CustomBuild>
    <CustomBuild Include="..\Classes\UWindowSmallCancelButton.uc">
      <Filter>Classes</Filter>
    </CustomBuild>
    <CustomBuild Include="..\Classes\UWindowSmallCloseButton.uc">
      <Filter>Classes</Filter>
    </CustomBuild>
    <CustomBuild Include="..\Classes\UWindowSmallOKButton.uc">
      <Filter>Classes</Filter>
    </CustomBuild>
    <CustomBuild Include="..\Classes\UWindowTabControl.uc">
      <Filter>Classes</Filter>
    </CustomBuild>
    <CustomBuild Include="..\Classes\UWindowTabControlItem.uc">
      <Filter>Classes</Filter>
    </CustomBuild>
    <CustomBuild Include="..\Classes\UWindowTabControlLeftButton.uc">
      <Filter>Classes</Filter>
    </CustomBuild>
    <CustomBuild Include="..\Classes\UWindowTabControlRightButton.uc">
      <Filter>Classes</Filter>
    </CustomBuild>
    <CustomBuild Include="..\Classes\UWindowTabControlTabArea.uc">
      <Filter>Classes</Filter>
    </CustomBuild>
    <CustomBuild Include="..\Classes\UWindowTextAreaControl.uc">
      <Filter>Classes</Filter>
    </CustomBuild>
    <CustomBuild Include="..\Classes\UWindowURLTextArea.uc">
      <Filter>Classes</Filter>
    </CustomBuild>
    <CustomBuild Include="..\Classes\UWindowVScrollbar.uc">
      <Filter>Classes</Filter>
    </CustomBuild>
    <CustomBuild Include="..\Classes\UWindowVSplitter.uc">
      <Filter>Classes</Filter>
    </CustomBuild>
    <CustomBuild Include="..\Classes\UWindowWin95LookAndFeel.uc">
      <Filter>Classes</Filter>
    </CustomBuild>
    <CustomBuild Include="..\Classes\UWindowWindow.uc">
      <Filter>Classes</Filter>
    </CustomBuild>
    <CustomBuild Include="..\Classes\UWindowWrappedTextArea.uc">
      <Filter>Classes</Filter>
    </CustomBuild>
    <CustomBuild Include="..\Classes\WindowConsole.uc">
      <Filter>Classes</Filter>
    </CustomBuild>
  </ItemGroup>
</Project>